{
    "_readme": [
        "This file locks the dependencies of your project to a known state",
        "Read more about it at https://getcomposer.org/doc/01-basic-usage.md#installing-dependencies",
        "This file is @generated automatically"
    ],
    "content-hash": "ce80a94d4aac7d1906f24dba136ed4cc",
    "packages": [
        {
            "name": "ramphor/plugin-core",
            "version": "dev-master",
            "source": {
                "type": "git",
                "url": "https://github.com/ramphor/plugin-core.git",
                "reference": "491e63cf684dbdb0249ab08b0944ea573280a506"
            },
            "dist": {
                "type": "zip",
                "url": "https://api.github.com/repos/ramphor/plugin-core/zipball/491e63cf684dbdb0249ab08b0944ea573280a506",
                "reference": "491e63cf684dbdb0249ab08b0944ea573280a506",
                "shasum": ""
            },
            "type": "library",
            "autoload": {
                "psr-4": {
                    "Ramphor\\Core\\": "src/"
                }
            },
            "notification-url": "https://packagist.org/downloads/",
            "license": [
                "GPL-2.0-or-later"
            ],
            "authors": [
                {
                    "name": "Puleeno Nguyen",
                    "email": "puleeno@gmail.com"
                }
            ],
            "description": "The core of plugins are developed by The Ramphor Premium",
            "time": "2020-10-23T12:24:14+00:00"
        }
    ],
    "packages-dev": [],
    "aliases": [],
    "minimum-stability": "dev",
    "stability-flags": {
        "ramphor/plugin-core": 20
    },
    "prefer-stable": false,
    "prefer-lowest": false,
    "platform": [],
    "platform-dev": [],
    "plugin-api-version": "1.1.0"
}
